
Microsoft Visual Studio Solution File, Format Version 12.00
# Visual Studio Version 17
VisualStudioVersion = 17.13.35825.156 d17.13
MinimumVisualStudioVersion = 10.0.40219.1
Project("{FAE04EC0-301F-11D3-BF4B-00C04F79EFBC}") = "CafeAdminApp", "CafeAdminApp\CafeAdminApp.csproj", "{A7442E08-CACB-40C4-AA7D-F1881765E83F}"
EndProject
Global
	GlobalSection(SolutionConfigurationPlatforms) = preSolution
		Debug|Any CPU = Debug|Any CPU
		Release|Any CPU = Release|Any CPU
	EndGlobalSection
	GlobalSection(ProjectConfigurationPlatforms) = postSolution
		{A7442E08-CACB-40C4-AA7D-F1881765E83F}.Debug|Any CPU.ActiveCfg = Debug|Any CPU
		{A7442E08-CACB-40C4-AA7D-F1881765E83F}.Debug|Any CPU.Build.0 = Debug|Any CPU
		{A7442E08-CACB-40C4-AA7D-F1881765E83F}.Release|Any CPU.ActiveCfg = Release|Any CPU
		{A7442E08-CACB-40C4-AA7D-F1881765E83F}.Release|Any CPU.Build.0 = Release|Any CPU
	EndGlobalSection
	GlobalSection(SolutionProperties) = preSolution
		HideSolutionNode = FALSE
	EndGlobalSection
	GlobalSection(ExtensibilityGlobals) = postSolution
		SolutionGuid = {89CE5C4D-57C5-4259-BA19-D53043C8E239}
	EndGlobalSection
EndGlobal
